<?xml version="1.0" encoding="utf-8"?>
<Project ToolsVersion="4.0" xmlns="http://schemas.microsoft.com/developer/msbuild/2003">
  <ItemGroup>
    <ClCompile Include="main.cpp" />
  </ItemGroup>
  <ItemGroup>
    <Filter Include="Resource Files">
      <UniqueIdentifier>{D9D6E242-F8AF-46E4-B9FD-80ECBC20BA3E}</UniqueIdentifier>
      <Extensions>qrc;*</Extensions>
      <ParseFiles>false</ParseFiles>
    </Filter>
    <Filter Include="Header Files">
      <UniqueIdentifier>{93995380-89BD-4b04-88EB-625FBE52EBFB}</UniqueIdentifier>
      <Extensions>h;hh;hpp;hxx;hm;inl;inc;xsd</Extensions>
      <ParseFiles>true</ParseFiles>
    </Filter>
  </ItemGroup>
  <ItemGroup>
    <ClInclude Include="Dough.h">
      <Filter>Header Files</Filter>
    </ClInclude>
    <ClInclude Include="PizzaIngredientFactory.h">
      <Filter>Header Files</Filter>
    </ClInclude>
    <ClInclude Include="Pizza.h">
      <Filter>Header Files</Filter>
    </ClInclude>
    <ClInclude Include="PizzaStore.h">
      <Filter>Header Files</Filter>
    </ClInclude>
    <ClInclude Include="NewYork\NYPizzaIngredientFactory.h">
      <Filter>Header Files</Filter>
    </ClInclude>
    <ClInclude Include="NewYork\NYPizzaStore.h">
      <Filter>Header Files</Filter>
    </ClInclude>
    <ClInclude Include="NewYork\NYStyleCheesePizza.h">
      <Filter>Header Files</Filter>
    </ClInclude>
    <ClInclude Include="NewYork\NYStyleClamPizza.h">
      <Filter>Header Files</Filter>
    </ClInclude>
    <ClInclude Include="NewYork\NYStylePepperoniPizza.h">
      <Filter>Header Files</Filter>
    </ClInclude>
    <ClInclude Include="NewYork\NYStyleVeggiePizza.h">
      <Filter>Header Files</Filter>
    </ClInclude>
    <ClInclude Include="Chicago\ChicagoPizzaFactory.h">
      <Filter>Header Files</Filter>
    </ClInclude>
    <ClInclude Include="Chicago\ChicagoCheesePizza.h">
      <Filter>Header Files</Filter>
    </ClInclude>
    <ClInclude Include="Chicago\ChicagoClamPizza.h">
      <Filter>Header Files</Filter>
    </ClInclude>
    <ClInclude Include="Chicago\ChicagoPepperoniPizza.h">
      <Filter>Header Files</Filter>
    </ClInclude>
    <ClInclude Include="Chicago\ChicagoVeggiePizza.h">
      <Filter>Header Files</Filter>
    </ClInclude>
    <ClInclude Include="Chicago\ChicagoPizzaStore.h">
      <Filter>Header Files</Filter>
    </ClInclude>
    <ClInclude Include="California\CaliforniaPizzaFactory.h">
      <Filter>Header Files</Filter>
    </ClInclude>
    <ClInclude Include="California\CaliforniaCheesePizza.h">
      <Filter>Header Files</Filter>
    </ClInclude>
    <ClInclude Include="California\CaliforniaClamPizza.h">
      <Filter>Header Files</Filter>
    </ClInclude>
    <ClInclude Include="California\CaliforniaPepperoniPizza.h">
      <Filter>Header Files</Filter>
    </ClInclude>
    <ClInclude Include="California\CaliforniaVeggiePizza.h">
      <Filter>Header Files</Filter>
    </ClInclude>
    <ClInclude Include="California\CaliforniaPizzaStore.h">
      <Filter>Header Files</Filter>
    </ClInclude>
  </ItemGroup>
</Project>